
Microsoft Visual Studio Solution File, Format Version 12.00
# Visual Studio Version 16
VisualStudioVersion = 16.0.29020.237
MinimumVisualStudioVersion = 10.0.40219.1
Project("{FAE04EC0-301F-11D3-BF4B-00C04F79EFBC}") = "ActionAndFuncDelegates", "ActionAndFuncDelegates\ActionAndFuncDelegates.csproj", "{7E343495-00C7-4C53-AB92-C52CA6FCE18C}"
EndProject
Global
	GlobalSection(SolutionConfigurationPlatforms) = preSolution
		Debug|Any CPU = Debug|Any CPU
		Release|Any CPU = Release|Any CPU
	EndGlobalSection
	GlobalSection(ProjectConfigurationPlatforms) = postSolution
		{7E343495-00C7-4C53-AB92-C52CA6FCE18C}.Debug|Any CPU.ActiveCfg = Debug|Any CPU
		{7E343495-00C7-4C53-AB92-C52CA6FCE18C}.Debug|Any CPU.Build.0 = Debug|Any CPU
		{7E343495-00C7-4C53-AB92-C52CA6FCE18C}.Release|Any CPU.ActiveCfg = Release|Any CPU
		{7E343495-00C7-4C53-AB92-C52CA6FCE18C}.Release|Any CPU.Build.0 = Release|Any CPU
	EndGlobalSection
	GlobalSection(SolutionProperties) = preSolution
		HideSolutionNode = FALSE
	EndGlobalSection
	GlobalSection(ExtensibilityGlobals) = postSolution
		SolutionGuid = {45CF11B7-C5F9-47C4-9220-3037A724A5FD}
	EndGlobalSection
EndGlobal
